// !$*UTF8*$!
{
	archiveVersion = 1;
	classes = {
	};
	objectVersion = 56;
	objects = {

/* Begin PBXBuildFile section */
		412780DC2B992D3C00EECEBA /* JournalApp.swift in Sources */ = {isa = PBXBuildFile; fileRef = 412780DB2B992D3C00EECEBA /* JournalApp.swift */; };
		412780DE2B992D3C00EECEBA /* ContentView.swift in Sources */ = {isa = PBXBuildFile; fileRef = 412780DD2B992D3C00EECEBA /* ContentView.swift */; };
		412780E02B992D3D00EECEBA /* Assets.xcassets in Resources */ = {isa = PBXBuildFile; fileRef = 412780DF2B992D3D00EECEBA /* Assets.xcassets */; };
		412780E42B992D3D00EECEBA /* Preview Assets.xcassets in Resources */ = {isa = PBXBuildFile; fileRef = 412780E32B992D3D00EECEBA /* Preview Assets.xcassets */; };
		412780EF2B992EE900EECEBA /* Localizable.strings in Resources */ = {isa = PBXBuildFile; fileRef = 412780EE2B992EE900EECEBA /* Localizable.strings */; };
		412780F12B992EEF00EECEBA /* Awards.json in Resources */ = {isa = PBXBuildFile; fileRef = 412780F02B992EEF00EECEBA /* Awards.json */; };
		412780F52B992FA800EECEBA /* Main.xcdatamodeld in Sources */ = {isa = PBXBuildFile; fileRef = 412780F32B992FA800EECEBA /* Main.xcdatamodeld */; };
		412781142B9A52AB00EECEBA /* DataController.swift in Sources */ = {isa = PBXBuildFile; fileRef = 412781132B9A52AB00EECEBA /* DataController.swift */; };
		412781162B9A616C00EECEBA /* MainView.swift in Sources */ = {isa = PBXBuildFile; fileRef = 412781152B9A616C00EECEBA /* MainView.swift */; };
		412781182B9A617E00EECEBA /* DetailView.swift in Sources */ = {isa = PBXBuildFile; fileRef = 412781172B9A617E00EECEBA /* DetailView.swift */; };
		4127811A2B9A61C400EECEBA /* Filter.swift in Sources */ = {isa = PBXBuildFile; fileRef = 412781192B9A61C400EECEBA /* Filter.swift */; };
		4127811C2B9A75E700EECEBA /* Entry-CoreDataHelpers.swift in Sources */ = {isa = PBXBuildFile; fileRef = 4127811B2B9A75E700EECEBA /* Entry-CoreDataHelpers.swift */; };
		4127811F2B9A7D7E00EECEBA /* Topic-CoreDataHelpers.swift in Sources */ = {isa = PBXBuildFile; fileRef = 4127811E2B9A7D7E00EECEBA /* Topic-CoreDataHelpers.swift */; };
		412781212B9A869600EECEBA /* EntryRows.swift in Sources */ = {isa = PBXBuildFile; fileRef = 412781202B9A869600EECEBA /* EntryRows.swift */; };
		412781232B9A8BCC00EECEBA /* NoEntryView.swift in Sources */ = {isa = PBXBuildFile; fileRef = 412781222B9A8BCC00EECEBA /* NoEntryView.swift */; };
		412781252B9A8CBB00EECEBA /* EntryView.swift in Sources */ = {isa = PBXBuildFile; fileRef = 412781242B9A8CBB00EECEBA /* EntryView.swift */; };
		412D82FC2BBDE90000EB1995 /* JournalUITests.swift in Sources */ = {isa = PBXBuildFile; fileRef = 412D82FB2BBDE90000EB1995 /* JournalUITests.swift */; };
		412D82FE2BBDE90000EB1995 /* JournalUITestsLaunchTests.swift in Sources */ = {isa = PBXBuildFile; fileRef = 412D82FD2BBDE90000EB1995 /* JournalUITestsLaunchTests.swift */; };
		414F5E8E2BA0D0B50098C784 /* ContentViewToolbar.swift in Sources */ = {isa = PBXBuildFile; fileRef = 414F5E8D2BA0D0B50098C784 /* ContentViewToolbar.swift */; };
		414F5E922BA0DA710098C784 /* Bundle-Decodable.swift in Sources */ = {isa = PBXBuildFile; fileRef = 414F5E912BA0DA710098C784 /* Bundle-Decodable.swift */; };
		414F5E962BA0DAC60098C784 /* Award.swift in Sources */ = {isa = PBXBuildFile; fileRef = 414F5E952BA0DAC60098C784 /* Award.swift */; };
		414F5E982BA0DCB10098C784 /* AwardsView.swift in Sources */ = {isa = PBXBuildFile; fileRef = 414F5E972BA0DCB10098C784 /* AwardsView.swift */; };
		417881062BBE13AF00BBACF7 /* MainViewModel.swift in Sources */ = {isa = PBXBuildFile; fileRef = 417881052BBE13AF00BBACF7 /* MainViewModel.swift */; };
		4178810A2BBF31EF00BBACF7 /* ContentViewModel.swift in Sources */ = {isa = PBXBuildFile; fileRef = 417881092BBF31EF00BBACF7 /* ContentViewModel.swift */; };
		417881112BBF4DA900BBACF7 /* EntryRowsViewModel.swift in Sources */ = {isa = PBXBuildFile; fileRef = 417881102BBF4DA900BBACF7 /* EntryRowsViewModel.swift */; };
		41AC04072BA246E7001DAB12 /* MainViewToolbar.swift in Sources */ = {isa = PBXBuildFile; fileRef = 41AC04062BA246E7001DAB12 /* MainViewToolbar.swift */; };
		41AC04092BA2709E001DAB12 /* EntryViewToolbar.swift in Sources */ = {isa = PBXBuildFile; fileRef = 41AC04082BA2709E001DAB12 /* EntryViewToolbar.swift */; };
		41AC040B2BA27129001DAB12 /* TopicsMenuView.swift in Sources */ = {isa = PBXBuildFile; fileRef = 41AC040A2BA27129001DAB12 /* TopicsMenuView.swift */; };
		41AC040D2BA271D7001DAB12 /* SmartFilterRow.swift in Sources */ = {isa = PBXBuildFile; fileRef = 41AC040C2BA271D7001DAB12 /* SmartFilterRow.swift */; };
		41AC040F2BA38CC5001DAB12 /* MissingTopicView.swift in Sources */ = {isa = PBXBuildFile; fileRef = 41AC040E2BA38CC5001DAB12 /* MissingTopicView.swift */; };
		41AD7C5F2BBCBDB100800C7D /* UserFilterRow.swift in Sources */ = {isa = PBXBuildFile; fileRef = 41AD7C5E2BBCBDB100800C7D /* UserFilterRow.swift */; };
		41AD7C6B2BBCC3AB00800C7D /* JournalTests.swift in Sources */ = {isa = PBXBuildFile; fileRef = 41AD7C6A2BBCC3AB00800C7D /* JournalTests.swift */; };
		41AD7C732BBCC6EC00800C7D /* AssetTests.swift in Sources */ = {isa = PBXBuildFile; fileRef = 41AD7C722BBCC6EC00800C7D /* AssetTests.swift */; };
		41AD7C752BBCC92500800C7D /* Colors.xcassets in Resources */ = {isa = PBXBuildFile; fileRef = 41AD7C742BBCC92500800C7D /* Colors.xcassets */; };
		41AD7C772BBCCC2200800C7D /* TopicTests.swift in Sources */ = {isa = PBXBuildFile; fileRef = 41AD7C762BBCCC2200800C7D /* TopicTests.swift */; };
		41AD7C792BBCCFB700800C7D /* AwardsTest.swift in Sources */ = {isa = PBXBuildFile; fileRef = 41AD7C782BBCCFB700800C7D /* AwardsTest.swift */; };
		41AD7C7B2BBCD26000800C7D /* DevelopmentTests.swift in Sources */ = {isa = PBXBuildFile; fileRef = 41AD7C7A2BBCD26000800C7D /* DevelopmentTests.swift */; };
		41AD7C7D2BBCD5FC00800C7D /* ExtensionTests.swift in Sources */ = {isa = PBXBuildFile; fileRef = 41AD7C7C2BBCD5FC00800C7D /* ExtensionTests.swift */; };
		41AD7C802BBCE06500800C7D /* DecodableDictionary.json in Resources */ = {isa = PBXBuildFile; fileRef = 41AD7C7F2BBCE06500800C7D /* DecodableDictionary.json */; };
		41AD7C822BBCE09700800C7D /* DecodableString.json in Resources */ = {isa = PBXBuildFile; fileRef = 41AD7C812BBCE09700800C7D /* DecodableString.json */; };
		41AD7C842BBCE17800800C7D /* PerformanceTests.swift in Sources */ = {isa = PBXBuildFile; fileRef = 41AD7C832BBCE17800800C7D /* PerformanceTests.swift */; };
/* End PBXBuildFile section */

/* Begin PBXContainerItemProxy section */
		412D82FF2BBDE90000EB1995 /* PBXContainerItemProxy */ = {
			isa = PBXContainerItemProxy;
			containerPortal = 412780D02B992D3C00EECEBA /* Project object */;
			proxyType = 1;
			remoteGlobalIDString = 412780D72B992D3C00EECEBA;
			remoteInfo = Journal;
		};
		41AD7C6C2BBCC3AB00800C7D /* PBXContainerItemProxy */ = {
			isa = PBXContainerItemProxy;
			containerPortal = 412780D02B992D3C00EECEBA /* Project object */;
			proxyType = 1;
			remoteGlobalIDString = 412780D72B992D3C00EECEBA;
			remoteInfo = Journal;
		};
/* End PBXContainerItemProxy section */

/* Begin PBXFileReference section */
		412780D82B992D3C00EECEBA /* Journal.app */ = {isa = PBXFileReference; explicitFileType = wrapper.application; includeInIndex = 0; path = Journal.app; sourceTree = BUILT_PRODUCTS_DIR; };
		412780DB2B992D3C00EECEBA /* JournalApp.swift */ = {isa = PBXFileReference; lastKnownFileType = sourcecode.swift; path = JournalApp.swift; sourceTree = "<group>"; };
		412780DD2B992D3C00EECEBA /* ContentView.swift */ = {isa = PBXFileReference; lastKnownFileType = sourcecode.swift; path = ContentView.swift; sourceTree = "<group>"; };
		412780DF2B992D3D00EECEBA /* Assets.xcassets */ = {isa = PBXFileReference; lastKnownFileType = folder.assetcatalog; path = Assets.xcassets; sourceTree = "<group>"; };
		412780E12B992D3D00EECEBA /* Journal.entitlements */ = {isa = PBXFileReference; lastKnownFileType = text.plist.entitlements; path = Journal.entitlements; sourceTree = "<group>"; };
		412780E32B992D3D00EECEBA /* Preview Assets.xcassets */ = {isa = PBXFileReference; lastKnownFileType = folder.assetcatalog; path = "Preview Assets.xcassets"; sourceTree = "<group>"; };
		412780EA2B992DDF00EECEBA /* Info.plist */ = {isa = PBXFileReference; lastKnownFileType = text.plist.xml; path = Info.plist; sourceTree = "<group>"; };
		412780EE2B992EE900EECEBA /* Localizable.strings */ = {isa = PBXFileReference; fileEncoding = 4; lastKnownFileType = text.plist.strings; path = Localizable.strings; sourceTree = "<group>"; };
		412780F02B992EEF00EECEBA /* Awards.json */ = {isa = PBXFileReference; fileEncoding = 4; lastKnownFileType = text.json; path = Awards.json; sourceTree = "<group>"; };
		412780F42B992FA800EECEBA /* Main.xcdatamodel */ = {isa = PBXFileReference; lastKnownFileType = wrapper.xcdatamodel; path = Main.xcdatamodel; sourceTree = "<group>"; };
		412781132B9A52AB00EECEBA /* DataController.swift */ = {isa = PBXFileReference; lastKnownFileType = sourcecode.swift; path = DataController.swift; sourceTree = "<group>"; };
		412781152B9A616C00EECEBA /* MainView.swift */ = {isa = PBXFileReference; lastKnownFileType = sourcecode.swift; path = MainView.swift; sourceTree = "<group>"; };
		412781172B9A617E00EECEBA /* DetailView.swift */ = {isa = PBXFileReference; lastKnownFileType = sourcecode.swift; path = DetailView.swift; sourceTree = "<group>"; };
		412781192B9A61C400EECEBA /* Filter.swift */ = {isa = PBXFileReference; lastKnownFileType = sourcecode.swift; path = Filter.swift; sourceTree = "<group>"; };
		4127811B2B9A75E700EECEBA /* Entry-CoreDataHelpers.swift */ = {isa = PBXFileReference; lastKnownFileType = sourcecode.swift; path = "Entry-CoreDataHelpers.swift"; sourceTree = "<group>"; };
		4127811E2B9A7D7E00EECEBA /* Topic-CoreDataHelpers.swift */ = {isa = PBXFileReference; lastKnownFileType = sourcecode.swift; path = "Topic-CoreDataHelpers.swift"; sourceTree = "<group>"; };
		412781202B9A869600EECEBA /* EntryRows.swift */ = {isa = PBXFileReference; lastKnownFileType = sourcecode.swift; path = EntryRows.swift; sourceTree = "<group>"; };
		412781222B9A8BCC00EECEBA /* NoEntryView.swift */ = {isa = PBXFileReference; lastKnownFileType = sourcecode.swift; path = NoEntryView.swift; sourceTree = "<group>"; };
		412781242B9A8CBB00EECEBA /* EntryView.swift */ = {isa = PBXFileReference; lastKnownFileType = sourcecode.swift; path = EntryView.swift; sourceTree = "<group>"; };
		412D82F92BBDE90000EB1995 /* JournalUITests.xctest */ = {isa = PBXFileReference; explicitFileType = wrapper.cfbundle; includeInIndex = 0; path = JournalUITests.xctest; sourceTree = BUILT_PRODUCTS_DIR; };
		412D82FB2BBDE90000EB1995 /* JournalUITests.swift */ = {isa = PBXFileReference; lastKnownFileType = sourcecode.swift; path = JournalUITests.swift; sourceTree = "<group>"; };
		412D82FD2BBDE90000EB1995 /* JournalUITestsLaunchTests.swift */ = {isa = PBXFileReference; lastKnownFileType = sourcecode.swift; path = JournalUITestsLaunchTests.swift; sourceTree = "<group>"; };
		414F5E8D2BA0D0B50098C784 /* ContentViewToolbar.swift */ = {isa = PBXFileReference; lastKnownFileType = sourcecode.swift; path = ContentViewToolbar.swift; sourceTree = "<group>"; };
		414F5E912BA0DA710098C784 /* Bundle-Decodable.swift */ = {isa = PBXFileReference; lastKnownFileType = sourcecode.swift; path = "Bundle-Decodable.swift"; sourceTree = "<group>"; };
		414F5E952BA0DAC60098C784 /* Award.swift */ = {isa = PBXFileReference; lastKnownFileType = sourcecode.swift; path = Award.swift; sourceTree = "<group>"; };
		414F5E972BA0DCB10098C784 /* AwardsView.swift */ = {isa = PBXFileReference; lastKnownFileType = sourcecode.swift; path = AwardsView.swift; sourceTree = "<group>"; };
		417881042BBE0F4600BBACF7 /* JournalUITests.xctestplan */ = {isa = PBXFileReference; lastKnownFileType = text; path = JournalUITests.xctestplan; sourceTree = "<group>"; };
		417881052BBE13AF00BBACF7 /* MainViewModel.swift */ = {isa = PBXFileReference; lastKnownFileType = sourcecode.swift; path = MainViewModel.swift; sourceTree = "<group>"; };
		417881092BBF31EF00BBACF7 /* ContentViewModel.swift */ = {isa = PBXFileReference; lastKnownFileType = sourcecode.swift; path = ContentViewModel.swift; sourceTree = "<group>"; };
		417881102BBF4DA900BBACF7 /* EntryRowsViewModel.swift */ = {isa = PBXFileReference; lastKnownFileType = sourcecode.swift; path = EntryRowsViewModel.swift; sourceTree = "<group>"; };
		41AC04062BA246E7001DAB12 /* MainViewToolbar.swift */ = {isa = PBXFileReference; lastKnownFileType = sourcecode.swift; path = MainViewToolbar.swift; sourceTree = "<group>"; };
		41AC04082BA2709E001DAB12 /* EntryViewToolbar.swift */ = {isa = PBXFileReference; lastKnownFileType = sourcecode.swift; path = EntryViewToolbar.swift; sourceTree = "<group>"; };
		41AC040A2BA27129001DAB12 /* TopicsMenuView.swift */ = {isa = PBXFileReference; lastKnownFileType = sourcecode.swift; path = TopicsMenuView.swift; sourceTree = "<group>"; };
		41AC040C2BA271D7001DAB12 /* SmartFilterRow.swift */ = {isa = PBXFileReference; lastKnownFileType = sourcecode.swift; path = SmartFilterRow.swift; sourceTree = "<group>"; };
		41AC040E2BA38CC5001DAB12 /* MissingTopicView.swift */ = {isa = PBXFileReference; lastKnownFileType = sourcecode.swift; path = MissingTopicView.swift; sourceTree = "<group>"; };
		41AD7C5E2BBCBDB100800C7D /* UserFilterRow.swift */ = {isa = PBXFileReference; lastKnownFileType = sourcecode.swift; path = UserFilterRow.swift; sourceTree = "<group>"; };
		41AD7C682BBCC3AB00800C7D /* JournalTests.xctest */ = {isa = PBXFileReference; explicitFileType = wrapper.cfbundle; includeInIndex = 0; path = JournalTests.xctest; sourceTree = BUILT_PRODUCTS_DIR; };
		41AD7C6A2BBCC3AB00800C7D /* JournalTests.swift */ = {isa = PBXFileReference; lastKnownFileType = sourcecode.swift; path = JournalTests.swift; sourceTree = "<group>"; };
		41AD7C712BBCC4C500800C7D /* Journal.xctestplan */ = {isa = PBXFileReference; lastKnownFileType = text; path = Journal.xctestplan; sourceTree = "<group>"; };
		41AD7C722BBCC6EC00800C7D /* AssetTests.swift */ = {isa = PBXFileReference; lastKnownFileType = sourcecode.swift; path = AssetTests.swift; sourceTree = "<group>"; };
		41AD7C742BBCC92500800C7D /* Colors.xcassets */ = {isa = PBXFileReference; lastKnownFileType = folder.assetcatalog; name = Colors.xcassets; path = "../../../../Documents/Code/Swift/Hacking With Swift/Ulimate/Ultimate Portfolio App/UltimatePortfolio/UltimatePortfolio/Colors.xcassets"; sourceTree = "<group>"; };
		41AD7C762BBCCC2200800C7D /* TopicTests.swift */ = {isa = PBXFileReference; lastKnownFileType = sourcecode.swift; path = TopicTests.swift; sourceTree = "<group>"; };
		41AD7C782BBCCFB700800C7D /* AwardsTest.swift */ = {isa = PBXFileReference; lastKnownFileType = sourcecode.swift; path = AwardsTest.swift; sourceTree = "<group>"; };
		41AD7C7A2BBCD26000800C7D /* DevelopmentTests.swift */ = {isa = PBXFileReference; lastKnownFileType = sourcecode.swift; path = DevelopmentTests.swift; sourceTree = "<group>"; };
		41AD7C7C2BBCD5FC00800C7D /* ExtensionTests.swift */ = {isa = PBXFileReference; lastKnownFileType = sourcecode.swift; path = ExtensionTests.swift; sourceTree = "<group>"; };
		41AD7C7F2BBCE06500800C7D /* DecodableDictionary.json */ = {isa = PBXFileReference; lastKnownFileType = text.json; path = DecodableDictionary.json; sourceTree = "<group>"; };
		41AD7C812BBCE09700800C7D /* DecodableString.json */ = {isa = PBXFileReference; lastKnownFileType = text.json; path = DecodableString.json; sourceTree = "<group>"; };
		41AD7C832BBCE17800800C7D /* PerformanceTests.swift */ = {isa = PBXFileReference; lastKnownFileType = sourcecode.swift; path = PerformanceTests.swift; sourceTree = "<group>"; };
/* End PBXFileReference section */

/* Begin PBXFrameworksBuildPhase section */
		412780D52B992D3C00EECEBA /* Frameworks */ = {
			isa = PBXFrameworksBuildPhase;
			buildActionMask = 2147483647;
			files = (
			);
			runOnlyForDeploymentPostprocessing = 0;
		};
		412D82F62BBDE90000EB1995 /* Frameworks */ = {
			isa = PBXFrameworksBuildPhase;
			buildActionMask = 2147483647;
			files = (
			);
			runOnlyForDeploymentPostprocessing = 0;
		};
		41AD7C652BBCC3AB00800C7D /* Frameworks */ = {
			isa = PBXFrameworksBuildPhase;
			buildActionMask = 2147483647;
			files = (
			);
			runOnlyForDeploymentPostprocessing = 0;
		};
/* End PBXFrameworksBuildPhase section */

/* Begin PBXGroup section */
		412780CF2B992D3C00EECEBA = {
			isa = PBXGroup;
			children = (
				412780DA2B992D3C00EECEBA /* Journal */,
				41AD7C692BBCC3AB00800C7D /* JournalTests */,
				412D82FA2BBDE90000EB1995 /* JournalUITests */,
				412780D92B992D3C00EECEBA /* Products */,
			);
			sourceTree = "<group>";
		};
		412780D92B992D3C00EECEBA /* Products */ = {
			isa = PBXGroup;
			children = (
				412780D82B992D3C00EECEBA /* Journal.app */,
				41AD7C682BBCC3AB00800C7D /* JournalTests.xctest */,
				412D82F92BBDE90000EB1995 /* JournalUITests.xctest */,
			);
			name = Products;
			sourceTree = "<group>";
		};
		412780DA2B992D3C00EECEBA /* Journal */ = {
			isa = PBXGroup;
			children = (
				412780DB2B992D3C00EECEBA /* JournalApp.swift */,
				4178810B2BBF323400BBACF7 /* Awards */,
				417881082BBF31DB00BBACF7 /* ContentView */,
				4178810F2BBF354400BBACF7 /* DataController */,
				4178810C2BBF328500BBACF7 /* Entry */,
				4178810E2BBF351600BBACF7 /* Filter */,
				417881072BBF31CE00BBACF7 /* MainView */,
				4178810D2BBF32C800BBACF7 /* Topics */,
				412780F22B992F6500EECEBA /* Localization */,
				4127811D2B9A75EC00EECEBA /* Extensions */,
				412780EB2B992E1400EECEBA /* Configurations */,
				412780E22B992D3D00EECEBA /* Preview Content */,
			);
			path = Journal;
			sourceTree = "<group>";
		};
		412780E22B992D3D00EECEBA /* Preview Content */ = {
			isa = PBXGroup;
			children = (
				412780E32B992D3D00EECEBA /* Preview Assets.xcassets */,
			);
			path = "Preview Content";
			sourceTree = "<group>";
		};
		412780EB2B992E1400EECEBA /* Configurations */ = {
			isa = PBXGroup;
			children = (
				41AD7C742BBCC92500800C7D /* Colors.xcassets */,
				412780F32B992FA800EECEBA /* Main.xcdatamodeld */,
				412780DF2B992D3D00EECEBA /* Assets.xcassets */,
				412780EA2B992DDF00EECEBA /* Info.plist */,
				412780E12B992D3D00EECEBA /* Journal.entitlements */,
			);
			path = Configurations;
			sourceTree = "<group>";
		};
		412780F22B992F6500EECEBA /* Localization */ = {
			isa = PBXGroup;
			children = (
				412780F02B992EEF00EECEBA /* Awards.json */,
				412780EE2B992EE900EECEBA /* Localizable.strings */,
			);
			path = Localization;
			sourceTree = "<group>";
		};
		4127811D2B9A75EC00EECEBA /* Extensions */ = {
			isa = PBXGroup;
			children = (
				4127811B2B9A75E700EECEBA /* Entry-CoreDataHelpers.swift */,
				4127811E2B9A7D7E00EECEBA /* Topic-CoreDataHelpers.swift */,
				414F5E912BA0DA710098C784 /* Bundle-Decodable.swift */,
			);
			path = Extensions;
			sourceTree = "<group>";
		};
		412D82FA2BBDE90000EB1995 /* JournalUITests */ = {
			isa = PBXGroup;
			children = (
				417881042BBE0F4600BBACF7 /* JournalUITests.xctestplan */,
				412D82FB2BBDE90000EB1995 /* JournalUITests.swift */,
				412D82FD2BBDE90000EB1995 /* JournalUITestsLaunchTests.swift */,
			);
			path = JournalUITests;
			sourceTree = "<group>";
		};
		4138DECB2BBDD8C200513DF7 /* Unit Testing */ = {
			isa = PBXGroup;
			children = (
				41AD7C6A2BBCC3AB00800C7D /* JournalTests.swift */,
				41AD7C722BBCC6EC00800C7D /* AssetTests.swift */,
				41AD7C762BBCCC2200800C7D /* TopicTests.swift */,
				41AD7C782BBCCFB700800C7D /* AwardsTest.swift */,
				41AD7C7A2BBCD26000800C7D /* DevelopmentTests.swift */,
				41AD7C7C2BBCD5FC00800C7D /* ExtensionTests.swift */,
				41AD7C832BBCE17800800C7D /* PerformanceTests.swift */,
				41AD7C7E2BBCE03E00800C7D /* Fixtures */,
			);
			path = "Unit Testing";
			sourceTree = "<group>";
		};
		417881072BBF31CE00BBACF7 /* MainView */ = {
			isa = PBXGroup;
			children = (
				412781152B9A616C00EECEBA /* MainView.swift */,
				417881052BBE13AF00BBACF7 /* MainViewModel.swift */,
				41AC04062BA246E7001DAB12 /* MainViewToolbar.swift */,
			);
			path = MainView;
			sourceTree = "<group>";
		};
		417881082BBF31DB00BBACF7 /* ContentView */ = {
			isa = PBXGroup;
			children = (
				412780DD2B992D3C00EECEBA /* ContentView.swift */,
				417881092BBF31EF00BBACF7 /* ContentViewModel.swift */,
				414F5E8D2BA0D0B50098C784 /* ContentViewToolbar.swift */,
			);
			path = ContentView;
			sourceTree = "<group>";
		};
		4178810B2BBF323400BBACF7 /* Awards */ = {
			isa = PBXGroup;
			children = (
				414F5E952BA0DAC60098C784 /* Award.swift */,
				414F5E972BA0DCB10098C784 /* AwardsView.swift */,
			);
			path = Awards;
			sourceTree = "<group>";
		};
		4178810C2BBF328500BBACF7 /* Entry */ = {
			isa = PBXGroup;
			children = (
				412781172B9A617E00EECEBA /* DetailView.swift */,
				412781202B9A869600EECEBA /* EntryRows.swift */,
				417881102BBF4DA900BBACF7 /* EntryRowsViewModel.swift */,
				412781242B9A8CBB00EECEBA /* EntryView.swift */,
				41AC04082BA2709E001DAB12 /* EntryViewToolbar.swift */,
				412781222B9A8BCC00EECEBA /* NoEntryView.swift */,
			);
			path = Entry;
			sourceTree = "<group>";
		};
		4178810D2BBF32C800BBACF7 /* Topics */ = {
			isa = PBXGroup;
			children = (
				41AC040E2BA38CC5001DAB12 /* MissingTopicView.swift */,
				41AC040A2BA27129001DAB12 /* TopicsMenuView.swift */,
			);
			path = Topics;
			sourceTree = "<group>";
		};
		4178810E2BBF351600BBACF7 /* Filter */ = {
			isa = PBXGroup;
			children = (
				41AC040C2BA271D7001DAB12 /* SmartFilterRow.swift */,
				412781192B9A61C400EECEBA /* Filter.swift */,
				41AD7C5E2BBCBDB100800C7D /* UserFilterRow.swift */,
			);
			path = Filter;
			sourceTree = "<group>";
		};
		4178810F2BBF354400BBACF7 /* DataController */ = {
			isa = PBXGroup;
			children = (
				412781132B9A52AB00EECEBA /* DataController.swift */,
			);
			path = DataController;
			sourceTree = "<group>";
		};
		41AD7C692BBCC3AB00800C7D /* JournalTests */ = {
			isa = PBXGroup;
			children = (
				41AD7C712BBCC4C500800C7D /* Journal.xctestplan */,
				4138DECB2BBDD8C200513DF7 /* Unit Testing */,
			);
			path = JournalTests;
			sourceTree = "<group>";
		};
		41AD7C7E2BBCE03E00800C7D /* Fixtures */ = {
			isa = PBXGroup;
			children = (
				41AD7C7F2BBCE06500800C7D /* DecodableDictionary.json */,
				41AD7C812BBCE09700800C7D /* DecodableString.json */,
			);
			path = Fixtures;
			sourceTree = "<group>";
		};
/* End PBXGroup section */

/* Begin PBXNativeTarget section */
		412780D72B992D3C00EECEBA /* Journal */ = {
			isa = PBXNativeTarget;
			buildConfigurationList = 412780E72B992D3D00EECEBA /* Build configuration list for PBXNativeTarget "Journal" */;
			buildPhases = (
				412780D42B992D3C00EECEBA /* Sources */,
				412780D52B992D3C00EECEBA /* Frameworks */,
				412780D62B992D3C00EECEBA /* Resources */,
			);
			buildRules = (
			);
			dependencies = (
			);
			name = Journal;
			productName = Journal;
			productReference = 412780D82B992D3C00EECEBA /* Journal.app */;
			productType = "com.apple.product-type.application";
		};
		412D82F82BBDE90000EB1995 /* JournalUITests */ = {
			isa = PBXNativeTarget;
			buildConfigurationList = 412D83012BBDE90000EB1995 /* Build configuration list for PBXNativeTarget "JournalUITests" */;
			buildPhases = (
				412D82F52BBDE90000EB1995 /* Sources */,
				412D82F62BBDE90000EB1995 /* Frameworks */,
				412D82F72BBDE90000EB1995 /* Resources */,
			);
			buildRules = (
			);
			dependencies = (
				412D83002BBDE90000EB1995 /* PBXTargetDependency */,
			);
			name = JournalUITests;
			productName = JournalUITests;
			productReference = 412D82F92BBDE90000EB1995 /* JournalUITests.xctest */;
			productType = "com.apple.product-type.bundle.ui-testing";
		};
		41AD7C672BBCC3AB00800C7D /* JournalTests */ = {
			isa = PBXNativeTarget;
			buildConfigurationList = 41AD7C6E2BBCC3AB00800C7D /* Build configuration list for PBXNativeTarget "JournalTests" */;
			buildPhases = (
				41AD7C642BBCC3AB00800C7D /* Sources */,
				41AD7C652BBCC3AB00800C7D /* Frameworks */,
				41AD7C662BBCC3AB00800C7D /* Resources */,
			);
			buildRules = (
			);
			dependencies = (
				41AD7C6D2BBCC3AB00800C7D /* PBXTargetDependency */,
			);
			name = JournalTests;
			productName = JournalTests;
			productReference = 41AD7C682BBCC3AB00800C7D /* JournalTests.xctest */;
			productType = "com.apple.product-type.bundle.unit-test";
		};
/* End PBXNativeTarget section */

/* Begin PBXProject section */
		412780D02B992D3C00EECEBA /* Project object */ = {
			isa = PBXProject;
			attributes = {
				BuildIndependentTargetsInParallel = 1;
				LastSwiftUpdateCheck = 1530;
				LastUpgradeCheck = 1530;
				TargetAttributes = {
					412780D72B992D3C00EECEBA = {
						CreatedOnToolsVersion = 15.3;
					};
					412D82F82BBDE90000EB1995 = {
						CreatedOnToolsVersion = 15.3;
						TestTargetID = 412780D72B992D3C00EECEBA;
					};
					41AD7C672BBCC3AB00800C7D = {
						CreatedOnToolsVersion = 15.3;
						TestTargetID = 412780D72B992D3C00EECEBA;
					};
				};
			};
			buildConfigurationList = 412780D32B992D3C00EECEBA /* Build configuration list for PBXProject "Journal" */;
			compatibilityVersion = "Xcode 14.0";
			developmentRegion = en;
			hasScannedForEncodings = 0;
			knownRegions = (
				en,
				Base,
			);
			mainGroup = 412780CF2B992D3C00EECEBA;
			productRefGroup = 412780D92B992D3C00EECEBA /* Products */;
			projectDirPath = "";
			projectRoot = "";
			targets = (
				412780D72B992D3C00EECEBA /* Journal */,
				41AD7C672BBCC3AB00800C7D /* JournalTests */,
				412D82F82BBDE90000EB1995 /* JournalUITests */,
			);
		};
/* End PBXProject section */

/* Begin PBXResourcesBuildPhase section */
		412780D62B992D3C00EECEBA /* Resources */ = {
			isa = PBXResourcesBuildPhase;
			buildActionMask = 2147483647;
			files = (
				412780F12B992EEF00EECEBA /* Awards.json in Resources */,
				412780EF2B992EE900EECEBA /* Localizable.strings in Resources */,
				41AD7C752BBCC92500800C7D /* Colors.xcassets in Resources */,
				412780E42B992D3D00EECEBA /* Preview Assets.xcassets in Resources */,
				412780E02B992D3D00EECEBA /* Assets.xcassets in Resources */,
			);
			runOnlyForDeploymentPostprocessing = 0;
		};
		412D82F72BBDE90000EB1995 /* Resources */ = {
			isa = PBXResourcesBuildPhase;
			buildActionMask = 2147483647;
			files = (
			);
			runOnlyForDeploymentPostprocessing = 0;
		};
		41AD7C662BBCC3AB00800C7D /* Resources */ = {
			isa = PBXResourcesBuildPhase;
			buildActionMask = 2147483647;
			files = (
				41AD7C822BBCE09700800C7D /* DecodableString.json in Resources */,
				41AD7C802BBCE06500800C7D /* DecodableDictionary.json in Resources */,
			);
			runOnlyForDeploymentPostprocessing = 0;
		};
/* End PBXResourcesBuildPhase section */

/* Begin PBXSourcesBuildPhase section */
		412780D42B992D3C00EECEBA /* Sources */ = {
			isa = PBXSourcesBuildPhase;
			buildActionMask = 2147483647;
			files = (
				41AC040F2BA38CC5001DAB12 /* MissingTopicView.swift in Sources */,
				4127811A2B9A61C400EECEBA /* Filter.swift in Sources */,
				412780F52B992FA800EECEBA /* Main.xcdatamodeld in Sources */,
				412781182B9A617E00EECEBA /* DetailView.swift in Sources */,
				4127811F2B9A7D7E00EECEBA /* Topic-CoreDataHelpers.swift in Sources */,
				41AC040D2BA271D7001DAB12 /* SmartFilterRow.swift in Sources */,
				4127811C2B9A75E700EECEBA /* Entry-CoreDataHelpers.swift in Sources */,
				414F5E922BA0DA710098C784 /* Bundle-Decodable.swift in Sources */,
				4178810A2BBF31EF00BBACF7 /* ContentViewModel.swift in Sources */,
				417881112BBF4DA900BBACF7 /* EntryRowsViewModel.swift in Sources */,
				414F5E8E2BA0D0B50098C784 /* ContentViewToolbar.swift in Sources */,
				41AC04092BA2709E001DAB12 /* EntryViewToolbar.swift in Sources */,
				412781232B9A8BCC00EECEBA /* NoEntryView.swift in Sources */,
				414F5E982BA0DCB10098C784 /* AwardsView.swift in Sources */,
				412781212B9A869600EECEBA /* EntryRows.swift in Sources */,
				412781142B9A52AB00EECEBA /* DataController.swift in Sources */,
				412780DE2B992D3C00EECEBA /* ContentView.swift in Sources */,
				41AC040B2BA27129001DAB12 /* TopicsMenuView.swift in Sources */,
				412781162B9A616C00EECEBA /* MainView.swift in Sources */,
				41AD7C5F2BBCBDB100800C7D /* UserFilterRow.swift in Sources */,
				412780DC2B992D3C00EECEBA /* JournalApp.swift in Sources */,
				414F5E962BA0DAC60098C784 /* Award.swift in Sources */,
				412781252B9A8CBB00EECEBA /* EntryView.swift in Sources */,
				417881062BBE13AF00BBACF7 /* MainViewModel.swift in Sources */,
				41AC04072BA246E7001DAB12 /* MainViewToolbar.swift in Sources */,
			);
			runOnlyForDeploymentPostprocessing = 0;
		};
		412D82F52BBDE90000EB1995 /* Sources */ = {
			isa = PBXSourcesBuildPhase;
			buildActionMask = 2147483647;
			files = (
				412D82FE2BBDE90000EB1995 /* JournalUITestsLaunchTests.swift in Sources */,
				412D82FC2BBDE90000EB1995 /* JournalUITests.swift in Sources */,
			);
			runOnlyForDeploymentPostprocessing = 0;
		};
		41AD7C642BBCC3AB00800C7D /* Sources */ = {
			isa = PBXSourcesBuildPhase;
			buildActionMask = 2147483647;
			files = (
				41AD7C842BBCE17800800C7D /* PerformanceTests.swift in Sources */,
				41AD7C732BBCC6EC00800C7D /* AssetTests.swift in Sources */,
				41AD7C792BBCCFB700800C7D /* AwardsTest.swift in Sources */,
				41AD7C6B2BBCC3AB00800C7D /* JournalTests.swift in Sources */,
				41AD7C7D2BBCD5FC00800C7D /* ExtensionTests.swift in Sources */,
				41AD7C772BBCCC2200800C7D /* TopicTests.swift in Sources */,
				41AD7C7B2BBCD26000800C7D /* DevelopmentTests.swift in Sources */,
			);
			runOnlyForDeploymentPostprocessing = 0;
		};
/* End PBXSourcesBuildPhase section */

/* Begin PBXTargetDependency section */
		412D83002BBDE90000EB1995 /* PBXTargetDependency */ = {
			isa = PBXTargetDependency;
			target = 412780D72B992D3C00EECEBA /* Journal */;
			targetProxy = 412D82FF2BBDE90000EB1995 /* PBXContainerItemProxy */;
		};
		41AD7C6D2BBCC3AB00800C7D /* PBXTargetDependency */ = {
			isa = PBXTargetDependency;
			target = 412780D72B992D3C00EECEBA /* Journal */;
			targetProxy = 41AD7C6C2BBCC3AB00800C7D /* PBXContainerItemProxy */;
		};
/* End PBXTargetDependency section */

/* Begin XCBuildConfiguration section */
		412780E52B992D3D00EECEBA /* Debug */ = {
			isa = XCBuildConfiguration;
			buildSettings = {
				ALWAYS_SEARCH_USER_PATHS = NO;
				ASSETCATALOG_COMPILER_GENERATE_SWIFT_ASSET_SYMBOL_EXTENSIONS = YES;
				CLANG_ANALYZER_NONNULL = YES;
				CLANG_ANALYZER_NUMBER_OBJECT_CONVERSION = YES_AGGRESSIVE;
				CLANG_CXX_LANGUAGE_STANDARD = "gnu++20";
				CLANG_ENABLE_MODULES = YES;
				CLANG_ENABLE_OBJC_ARC = YES;
				CLANG_ENABLE_OBJC_WEAK = YES;
				CLANG_WARN_BLOCK_CAPTURE_AUTORELEASING = YES;
				CLANG_WARN_BOOL_CONVERSION = YES;
				CLANG_WARN_COMMA = YES;
				CLANG_WARN_CONSTANT_CONVERSION = YES;
				CLANG_WARN_DEPRECATED_OBJC_IMPLEMENTATIONS = YES;
				CLANG_WARN_DIRECT_OBJC_ISA_USAGE = YES_ERROR;
				CLANG_WARN_DOCUMENTATION_COMMENTS = YES;
				CLANG_WARN_EMPTY_BODY = YES;
				CLANG_WARN_ENUM_CONVERSION = YES;
				CLANG_WARN_INFINITE_RECURSION = YES;
				CLANG_WARN_INT_CONVERSION = YES;
				CLANG_WARN_NON_LITERAL_NULL_CONVERSION = YES;
				CLANG_WARN_OBJC_IMPLICIT_RETAIN_SELF = YES;
				CLANG_WARN_OBJC_LITERAL_CONVERSION = YES;
				CLANG_WARN_OBJC_ROOT_CLASS = YES_ERROR;
				CLANG_WARN_QUOTED_INCLUDE_IN_FRAMEWORK_HEADER = YES;
				CLANG_WARN_RANGE_LOOP_ANALYSIS = YES;
				CLANG_WARN_STRICT_PROTOTYPES = YES;
				CLANG_WARN_SUSPICIOUS_MOVE = YES;
				CLANG_WARN_UNGUARDED_AVAILABILITY = YES_AGGRESSIVE;
				CLANG_WARN_UNREACHABLE_CODE = YES;
				CLANG_WARN__DUPLICATE_METHOD_MATCH = YES;
				COPY_PHASE_STRIP = NO;
				DEBUG_INFORMATION_FORMAT = dwarf;
				ENABLE_STRICT_OBJC_MSGSEND = YES;
				ENABLE_TESTABILITY = YES;
				ENABLE_USER_SCRIPT_SANDBOXING = YES;
				GCC_C_LANGUAGE_STANDARD = gnu17;
				GCC_DYNAMIC_NO_PIC = NO;
				GCC_NO_COMMON_BLOCKS = YES;
				GCC_OPTIMIZATION_LEVEL = 0;
				GCC_PREPROCESSOR_DEFINITIONS = (
					"DEBUG=1",
					"$(inherited)",
				);
				GCC_WARN_64_TO_32_BIT_CONVERSION = YES;
				GCC_WARN_ABOUT_RETURN_TYPE = YES_ERROR;
				GCC_WARN_UNDECLARED_SELECTOR = YES;
				GCC_WARN_UNINITIALIZED_AUTOS = YES_AGGRESSIVE;
				GCC_WARN_UNUSED_FUNCTION = YES;
				GCC_WARN_UNUSED_VARIABLE = YES;
				LOCALIZATION_PREFERS_STRING_CATALOGS = YES;
				MTL_ENABLE_DEBUG_INFO = INCLUDE_SOURCE;
				MTL_FAST_MATH = YES;
				ONLY_ACTIVE_ARCH = YES;
				SWIFT_ACTIVE_COMPILATION_CONDITIONS = "DEBUG $(inherited)";
				SWIFT_OPTIMIZATION_LEVEL = "-Onone";
			};
			name = Debug;
		};
		412780E62B992D3D00EECEBA /* Release */ = {
			isa = XCBuildConfiguration;
			buildSettings = {
				ALWAYS_SEARCH_USER_PATHS = NO;
				ASSETCATALOG_COMPILER_GENERATE_SWIFT_ASSET_SYMBOL_EXTENSIONS = YES;
				CLANG_ANALYZER_NONNULL = YES;
				CLANG_ANALYZER_NUMBER_OBJECT_CONVERSION = YES_AGGRESSIVE;
				CLANG_CXX_LANGUAGE_STANDARD = "gnu++20";
				CLANG_ENABLE_MODULES = YES;
				CLANG_ENABLE_OBJC_ARC = YES;
				CLANG_ENABLE_OBJC_WEAK = YES;
				CLANG_WARN_BLOCK_CAPTURE_AUTORELEASING = YES;
				CLANG_WARN_BOOL_CONVERSION = YES;
				CLANG_WARN_COMMA = YES;
				CLANG_WARN_CONSTANT_CONVERSION = YES;
				CLANG_WARN_DEPRECATED_OBJC_IMPLEMENTATIONS = YES;
				CLANG_WARN_DIRECT_OBJC_ISA_USAGE = YES_ERROR;
				CLANG_WARN_DOCUMENTATION_COMMENTS = YES;
				CLANG_WARN_EMPTY_BODY = YES;
				CLANG_WARN_ENUM_CONVERSION = YES;
				CLANG_WARN_INFINITE_RECURSION = YES;
				CLANG_WARN_INT_CONVERSION = YES;
				CLANG_WARN_NON_LITERAL_NULL_CONVERSION = YES;
				CLANG_WARN_OBJC_IMPLICIT_RETAIN_SELF = YES;
				CLANG_WARN_OBJC_LITERAL_CONVERSION = YES;
				CLANG_WARN_OBJC_ROOT_CLASS = YES_ERROR;
				CLANG_WARN_QUOTED_INCLUDE_IN_FRAMEWORK_HEADER = YES;
				CLANG_WARN_RANGE_LOOP_ANALYSIS = YES;
				CLANG_WARN_STRICT_PROTOTYPES = YES;
				CLANG_WARN_SUSPICIOUS_MOVE = YES;
				CLANG_WARN_UNGUARDED_AVAILABILITY = YES_AGGRESSIVE;
				CLANG_WARN_UNREACHABLE_CODE = YES;
				CLANG_WARN__DUPLICATE_METHOD_MATCH = YES;
				COPY_PHASE_STRIP = NO;
				DEBUG_INFORMATION_FORMAT = "dwarf-with-dsym";
				ENABLE_NS_ASSERTIONS = NO;
				ENABLE_STRICT_OBJC_MSGSEND = YES;
				ENABLE_USER_SCRIPT_SANDBOXING = YES;
				GCC_C_LANGUAGE_STANDARD = gnu17;
				GCC_NO_COMMON_BLOCKS = YES;
				GCC_WARN_64_TO_32_BIT_CONVERSION = YES;
				GCC_WARN_ABOUT_RETURN_TYPE = YES_ERROR;
				GCC_WARN_UNDECLARED_SELECTOR = YES;
				GCC_WARN_UNINITIALIZED_AUTOS = YES_AGGRESSIVE;
				GCC_WARN_UNUSED_FUNCTION = YES;
				GCC_WARN_UNUSED_VARIABLE = YES;
				LOCALIZATION_PREFERS_STRING_CATALOGS = YES;
				MTL_ENABLE_DEBUG_INFO = NO;
				MTL_FAST_MATH = YES;
				SWIFT_COMPILATION_MODE = wholemodule;
			};
			name = Release;
		};
		412780E82B992D3D00EECEBA /* Debug */ = {
			isa = XCBuildConfiguration;
			buildSettings = {
				ASSETCATALOG_COMPILER_APPICON_NAME = AppIcon;
				ASSETCATALOG_COMPILER_GLOBAL_ACCENT_COLOR_NAME = AccentColor;
				CODE_SIGN_ENTITLEMENTS = Journal/Configurations/Journal.entitlements;
				CODE_SIGN_STYLE = Automatic;
				CURRENT_PROJECT_VERSION = 1;
				DEVELOPMENT_ASSET_PATHS = "\"Journal/Preview Content\"";
				DEVELOPMENT_TEAM = CWCBRR328H;
				ENABLE_HARDENED_RUNTIME = YES;
				ENABLE_PREVIEWS = YES;
				GENERATE_INFOPLIST_FILE = YES;
				INFOPLIST_FILE = Journal/Configurations/Info.plist;
				"INFOPLIST_KEY_UIApplicationSceneManifest_Generation[sdk=iphoneos*]" = YES;
				"INFOPLIST_KEY_UIApplicationSceneManifest_Generation[sdk=iphonesimulator*]" = YES;
				"INFOPLIST_KEY_UIApplicationSupportsIndirectInputEvents[sdk=iphoneos*]" = YES;
				"INFOPLIST_KEY_UIApplicationSupportsIndirectInputEvents[sdk=iphonesimulator*]" = YES;
				"INFOPLIST_KEY_UILaunchScreen_Generation[sdk=iphoneos*]" = YES;
				"INFOPLIST_KEY_UILaunchScreen_Generation[sdk=iphonesimulator*]" = YES;
				"INFOPLIST_KEY_UIStatusBarStyle[sdk=iphoneos*]" = UIStatusBarStyleDefault;
				"INFOPLIST_KEY_UIStatusBarStyle[sdk=iphonesimulator*]" = UIStatusBarStyleDefault;
				INFOPLIST_KEY_UISupportedInterfaceOrientations_iPad = "UIInterfaceOrientationPortrait UIInterfaceOrientationPortraitUpsideDown UIInterfaceOrientationLandscapeLeft UIInterfaceOrientationLandscapeRight";
				INFOPLIST_KEY_UISupportedInterfaceOrientations_iPhone = "UIInterfaceOrientationPortrait UIInterfaceOrientationLandscapeLeft UIInterfaceOrientationLandscapeRight";
				IPHONEOS_DEPLOYMENT_TARGET = 17.4;
				LD_RUNPATH_SEARCH_PATHS = "@executable_path/Frameworks";
				"LD_RUNPATH_SEARCH_PATHS[sdk=macosx*]" = "@executable_path/../Frameworks";
				MACOSX_DEPLOYMENT_TARGET = 14.3;
				MARKETING_VERSION = 1.0;
				NEW_SETTING = "";
				PRODUCT_BUNDLE_IDENTIFIER = BJ914.Journal;
				PRODUCT_NAME = "$(TARGET_NAME)";
				SDKROOT = auto;
				SUPPORTED_PLATFORMS = "iphoneos iphonesimulator macosx";
				SWIFT_EMIT_LOC_STRINGS = YES;
				SWIFT_VERSION = 5.0;
				TARGETED_DEVICE_FAMILY = "1,2";
			};
			name = Debug;
		};
		412780E92B992D3D00EECEBA /* Release */ = {
			isa = XCBuildConfiguration;
			buildSettings = {
				ASSETCATALOG_COMPILER_APPICON_NAME = AppIcon;
				ASSETCATALOG_COMPILER_GLOBAL_ACCENT_COLOR_NAME = AccentColor;
				CODE_SIGN_ENTITLEMENTS = Journal/Configurations/Journal.entitlements;
				CODE_SIGN_STYLE = Automatic;
				CURRENT_PROJECT_VERSION = 1;
				DEVELOPMENT_ASSET_PATHS = "\"Journal/Preview Content\"";
				DEVELOPMENT_TEAM = CWCBRR328H;
				ENABLE_HARDENED_RUNTIME = YES;
				ENABLE_PREVIEWS = YES;
				GENERATE_INFOPLIST_FILE = YES;
				INFOPLIST_FILE = Journal/Configurations/Info.plist;
				"INFOPLIST_KEY_UIApplicationSceneManifest_Generation[sdk=iphoneos*]" = YES;
				"INFOPLIST_KEY_UIApplicationSceneManifest_Generation[sdk=iphonesimulator*]" = YES;
				"INFOPLIST_KEY_UIApplicationSupportsIndirectInputEvents[sdk=iphoneos*]" = YES;
				"INFOPLIST_KEY_UIApplicationSupportsIndirectInputEvents[sdk=iphonesimulator*]" = YES;
				"INFOPLIST_KEY_UILaunchScreen_Generation[sdk=iphoneos*]" = YES;
				"INFOPLIST_KEY_UILaunchScreen_Generation[sdk=iphonesimulator*]" = YES;
				"INFOPLIST_KEY_UIStatusBarStyle[sdk=iphoneos*]" = UIStatusBarStyleDefault;
				"INFOPLIST_KEY_UIStatusBarStyle[sdk=iphonesimulator*]" = UIStatusBarStyleDefault;
				INFOPLIST_KEY_UISupportedInterfaceOrientations_iPad = "UIInterfaceOrientationPortrait UIInterfaceOrientationPortraitUpsideDown UIInterfaceOrientationLandscapeLeft UIInterfaceOrientationLandscapeRight";
				INFOPLIST_KEY_UISupportedInterfaceOrientations_iPhone = "UIInterfaceOrientationPortrait UIInterfaceOrientationLandscapeLeft UIInterfaceOrientationLandscapeRight";
				IPHONEOS_DEPLOYMENT_TARGET = 17.4;
				LD_RUNPATH_SEARCH_PATHS = "@executable_path/Frameworks";
				"LD_RUNPATH_SEARCH_PATHS[sdk=macosx*]" = "@executable_path/../Frameworks";
				MACOSX_DEPLOYMENT_TARGET = 14.3;
				MARKETING_VERSION = 1.0;
				NEW_SETTING = "";
				PRODUCT_BUNDLE_IDENTIFIER = BJ914.Journal;
				PRODUCT_NAME = "$(TARGET_NAME)";
				SDKROOT = auto;
				SUPPORTED_PLATFORMS = "iphoneos iphonesimulator macosx";
				SWIFT_EMIT_LOC_STRINGS = YES;
				SWIFT_VERSION = 5.0;
				TARGETED_DEVICE_FAMILY = "1,2";
			};
			name = Release;
		};
		412D83022BBDE90000EB1995 /* Debug */ = {
			isa = XCBuildConfiguration;
			buildSettings = {
				CODE_SIGN_STYLE = Automatic;
				CURRENT_PROJECT_VERSION = 1;
				DEVELOPMENT_TEAM = CWCBRR328H;
				GENERATE_INFOPLIST_FILE = YES;
				IPHONEOS_DEPLOYMENT_TARGET = 17.4;
				MARKETING_VERSION = 1.0;
				PRODUCT_BUNDLE_IDENTIFIER = BJ914.JournalUITests;
				PRODUCT_NAME = "$(TARGET_NAME)";
				SDKROOT = iphoneos;
				SWIFT_EMIT_LOC_STRINGS = NO;
				SWIFT_VERSION = 5.0;
				TARGETED_DEVICE_FAMILY = "1,2";
				TEST_TARGET_NAME = Journal;
			};
			name = Debug;
		};
		412D83032BBDE90000EB1995 /* Release */ = {
			isa = XCBuildConfiguration;
			buildSettings = {
				CODE_SIGN_STYLE = Automatic;
				CURRENT_PROJECT_VERSION = 1;
				DEVELOPMENT_TEAM = CWCBRR328H;
				GENERATE_INFOPLIST_FILE = YES;
				IPHONEOS_DEPLOYMENT_TARGET = 17.4;
				MARKETING_VERSION = 1.0;
				PRODUCT_BUNDLE_IDENTIFIER = BJ914.JournalUITests;
				PRODUCT_NAME = "$(TARGET_NAME)";
				SDKROOT = iphoneos;
				SWIFT_EMIT_LOC_STRINGS = NO;
				SWIFT_VERSION = 5.0;
				TARGETED_DEVICE_FAMILY = "1,2";
				TEST_TARGET_NAME = Journal;
				VALIDATE_PRODUCT = YES;
			};
			name = Release;
		};
		41AD7C6F2BBCC3AB00800C7D /* Debug */ = {
			isa = XCBuildConfiguration;
			buildSettings = {
				BUNDLE_LOADER = "$(TEST_HOST)";
				CODE_SIGN_STYLE = Automatic;
				CURRENT_PROJECT_VERSION = 1;
				DEVELOPMENT_TEAM = CWCBRR328H;
				GENERATE_INFOPLIST_FILE = YES;
				IPHONEOS_DEPLOYMENT_TARGET = 17.4;
				MARKETING_VERSION = 1.0;
				PRODUCT_BUNDLE_IDENTIFIER = BJ914.JournalTests;
				PRODUCT_NAME = "$(TARGET_NAME)";
				SDKROOT = iphoneos;
				SWIFT_EMIT_LOC_STRINGS = NO;
				SWIFT_VERSION = 5.0;
				TARGETED_DEVICE_FAMILY = "1,2";
				TEST_HOST = "$(BUILT_PRODUCTS_DIR)/Journal.app/$(BUNDLE_EXECUTABLE_FOLDER_PATH)/Journal";
			};
			name = Debug;
		};
		41AD7C702BBCC3AB00800C7D /* Release */ = {
			isa = XCBuildConfiguration;
			buildSettings = {
				BUNDLE_LOADER = "$(TEST_HOST)";
				CODE_SIGN_STYLE = Automatic;
				CURRENT_PROJECT_VERSION = 1;
				DEVELOPMENT_TEAM = CWCBRR328H;
				GENERATE_INFOPLIST_FILE = YES;
				IPHONEOS_DEPLOYMENT_TARGET = 17.4;
				MARKETING_VERSION = 1.0;
				PRODUCT_BUNDLE_IDENTIFIER = BJ914.JournalTests;
				PRODUCT_NAME = "$(TARGET_NAME)";
				SDKROOT = iphoneos;
				SWIFT_EMIT_LOC_STRINGS = NO;
				SWIFT_VERSION = 5.0;
				TARGETED_DEVICE_FAMILY = "1,2";
				TEST_HOST = "$(BUILT_PRODUCTS_DIR)/Journal.app/$(BUNDLE_EXECUTABLE_FOLDER_PATH)/Journal";
				VALIDATE_PRODUCT = YES;
			};
			name = Release;
		};
/* End XCBuildConfiguration section */

/* Begin XCConfigurationList section */
		412780D32B992D3C00EECEBA /* Build configuration list for PBXProject "Journal" */ = {
			isa = XCConfigurationList;
			buildConfigurations = (
				412780E52B992D3D00EECEBA /* Debug */,
				412780E62B992D3D00EECEBA /* Release */,
			);
			defaultConfigurationIsVisible = 0;
			defaultConfigurationName = Release;
		};
		412780E72B992D3D00EECEBA /* Build configuration list for PBXNativeTarget "Journal" */ = {
			isa = XCConfigurationList;
			buildConfigurations = (
				412780E82B992D3D00EECEBA /* Debug */,
				412780E92B992D3D00EECEBA /* Release */,
			);
			defaultConfigurationIsVisible = 0;
			defaultConfigurationName = Release;
		};
		412D83012BBDE90000EB1995 /* Build configuration list for PBXNativeTarget "JournalUITests" */ = {
			isa = XCConfigurationList;
			buildConfigurations = (
				412D83022BBDE90000EB1995 /* Debug */,
				412D83032BBDE90000EB1995 /* Release */,
			);
			defaultConfigurationIsVisible = 0;
			defaultConfigurationName = Release;
		};
		41AD7C6E2BBCC3AB00800C7D /* Build configuration list for PBXNativeTarget "JournalTests" */ = {
			isa = XCConfigurationList;
			buildConfigurations = (
				41AD7C6F2BBCC3AB00800C7D /* Debug */,
				41AD7C702BBCC3AB00800C7D /* Release */,
			);
			defaultConfigurationIsVisible = 0;
			defaultConfigurationName = Release;
		};
/* End XCConfigurationList section */

/* Begin XCVersionGroup section */
		412780F32B992FA800EECEBA /* Main.xcdatamodeld */ = {
			isa = XCVersionGroup;
			children = (
				412780F42B992FA800EECEBA /* Main.xcdatamodel */,
			);
			currentVersion = 412780F42B992FA800EECEBA /* Main.xcdatamodel */;
			path = Main.xcdatamodeld;
			sourceTree = "<group>";
			versionGroupType = wrapper.xcdatamodel;
		};
/* End XCVersionGroup section */
	};
	rootObject = 412780D02B992D3C00EECEBA /* Project object */;
}
